
Microsoft Visual Studio Solution File, Format Version 12.00
# Visual Studio Version 17
VisualStudioVersion = 17.9.34310.174
MinimumVisualStudioVersion = 10.0.40219.1
Project("{2150E333-8FDC-42A3-9474-1A3956D46DE8}") = "src", "src", "{E409A296-464B-44C1-A3B4-DAA2550C1A41}"
EndProject
Project("{2150E333-8FDC-42A3-9474-1A3956D46DE8}") = "core", "core", "{B2D57DB7-D1B1-4D01-9F3A-070353E00B5E}"
EndProject
Project("{2150E333-8FDC-42A3-9474-1A3956D46DE8}") = "External", "External", "{BF52A093-0010-4BC9-A454-9E5FFCFB3278}"
EndProject
Project("{FAE04EC0-301F-11D3-BF4B-00C04F79EFBC}") = "WEB", "WEB\WEB.csproj", "{5BB146E9-5F1B-49B4-B51C-68071D8ACFF2}"
EndProject
Project("{FAE04EC0-301F-11D3-BF4B-00C04F79EFBC}") = "Application", "Application\Application.csproj", "{E88F5AEC-A81E-41AC-A95D-E3601DB0B52C}"
EndProject
Project("{FAE04EC0-301F-11D3-BF4B-00C04F79EFBC}") = "Domain", "Domain\Domain.csproj", "{78AD6BDD-189A-4FB6-A1AE-479660AD1555}"
EndProject
Project("{FAE04EC0-301F-11D3-BF4B-00C04F79EFBC}") = "Infrastructure", "Infrastructure\Infrastructure.csproj", "{6309F0C2-10C6-4956-AA6E-36A8D06BEDD1}"
EndProject
Project("{FAE04EC0-301F-11D3-BF4B-00C04F79EFBC}") = "Presentation", "Presentation\Presentation.csproj", "{2A5C03E0-DD38-4194-9710-1DF41CD8639E}"
EndProject
Global
	GlobalSection(SolutionConfigurationPlatforms) = preSolution
		Debug|Any CPU = Debug|Any CPU
		Release|Any CPU = Release|Any CPU
	EndGlobalSection
	GlobalSection(ProjectConfigurationPlatforms) = postSolution
		{5BB146E9-5F1B-49B4-B51C-68071D8ACFF2}.Debug|Any CPU.ActiveCfg = Debug|Any CPU
		{5BB146E9-5F1B-49B4-B51C-68071D8ACFF2}.Debug|Any CPU.Build.0 = Debug|Any CPU
		{5BB146E9-5F1B-49B4-B51C-68071D8ACFF2}.Release|Any CPU.ActiveCfg = Release|Any CPU
		{5BB146E9-5F1B-49B4-B51C-68071D8ACFF2}.Release|Any CPU.Build.0 = Release|Any CPU
		{E88F5AEC-A81E-41AC-A95D-E3601DB0B52C}.Debug|Any CPU.ActiveCfg = Debug|Any CPU
		{E88F5AEC-A81E-41AC-A95D-E3601DB0B52C}.Debug|Any CPU.Build.0 = Debug|Any CPU
		{E88F5AEC-A81E-41AC-A95D-E3601DB0B52C}.Release|Any CPU.ActiveCfg = Release|Any CPU
		{E88F5AEC-A81E-41AC-A95D-E3601DB0B52C}.Release|Any CPU.Build.0 = Release|Any CPU
		{78AD6BDD-189A-4FB6-A1AE-479660AD1555}.Debug|Any CPU.ActiveCfg = Debug|Any CPU
		{78AD6BDD-189A-4FB6-A1AE-479660AD1555}.Debug|Any CPU.Build.0 = Debug|Any CPU
		{78AD6BDD-189A-4FB6-A1AE-479660AD1555}.Release|Any CPU.ActiveCfg = Release|Any CPU
		{78AD6BDD-189A-4FB6-A1AE-479660AD1555}.Release|Any CPU.Build.0 = Release|Any CPU
		{6309F0C2-10C6-4956-AA6E-36A8D06BEDD1}.Debug|Any CPU.ActiveCfg = Debug|Any CPU
		{6309F0C2-10C6-4956-AA6E-36A8D06BEDD1}.Debug|Any CPU.Build.0 = Debug|Any CPU
		{6309F0C2-10C6-4956-AA6E-36A8D06BEDD1}.Release|Any CPU.ActiveCfg = Release|Any CPU
		{6309F0C2-10C6-4956-AA6E-36A8D06BEDD1}.Release|Any CPU.Build.0 = Release|Any CPU
		{2A5C03E0-DD38-4194-9710-1DF41CD8639E}.Debug|Any CPU.ActiveCfg = Debug|Any CPU
		{2A5C03E0-DD38-4194-9710-1DF41CD8639E}.Debug|Any CPU.Build.0 = Debug|Any CPU
		{2A5C03E0-DD38-4194-9710-1DF41CD8639E}.Release|Any CPU.ActiveCfg = Release|Any CPU
		{2A5C03E0-DD38-4194-9710-1DF41CD8639E}.Release|Any CPU.Build.0 = Release|Any CPU
	EndGlobalSection
	GlobalSection(SolutionProperties) = preSolution
		HideSolutionNode = FALSE
	EndGlobalSection
	GlobalSection(NestedProjects) = preSolution
		{B2D57DB7-D1B1-4D01-9F3A-070353E00B5E} = {E409A296-464B-44C1-A3B4-DAA2550C1A41}
		{BF52A093-0010-4BC9-A454-9E5FFCFB3278} = {E409A296-464B-44C1-A3B4-DAA2550C1A41}
		{5BB146E9-5F1B-49B4-B51C-68071D8ACFF2} = {E409A296-464B-44C1-A3B4-DAA2550C1A41}
		{E88F5AEC-A81E-41AC-A95D-E3601DB0B52C} = {B2D57DB7-D1B1-4D01-9F3A-070353E00B5E}
		{78AD6BDD-189A-4FB6-A1AE-479660AD1555} = {B2D57DB7-D1B1-4D01-9F3A-070353E00B5E}
		{6309F0C2-10C6-4956-AA6E-36A8D06BEDD1} = {BF52A093-0010-4BC9-A454-9E5FFCFB3278}
		{2A5C03E0-DD38-4194-9710-1DF41CD8639E} = {BF52A093-0010-4BC9-A454-9E5FFCFB3278}
	EndGlobalSection
	GlobalSection(ExtensibilityGlobals) = postSolution
		SolutionGuid = {FD9333FF-C0AB-4C03-933A-69A93E946032}
	EndGlobalSection
EndGlobal
